{
  "nodes": {
    "easy-purescript-nix-source": {
      "flake": false,
      "locked": {
        "lastModified": 1652381155,
        "narHash": "sha256-uKMxTUTfDBgoPfn3LomGI5H6CbmHu6Cq/3M16jHC5jc=",
        "owner": "justinwoo",
        "repo": "easy-purescript-nix",
        "rev": "9a44ddfad868fe804e22973d32839c2f2167571c",
        "type": "github"
      },
      "original": {
        "owner": "justinwoo",
        "repo": "easy-purescript-nix",
        "type": "github"
      }
    },
    "flake-utils": {
      "locked": {
        "lastModified": 1652557277,
        "narHash": "sha256-jSes9DaIVMdmwBB78KkFUVrlDzawmD62vrUg0GS2500=",
        "owner": "numtide",
        "repo": "flake-utils",
        "rev": "12806d31a381e7cd169a6bac35590e7b36dc5fe5",
        "type": "github"
      },
      "original": {
        "owner": "numtide",
        "repo": "flake-utils",
        "type": "github"
      }
    },
    "nixpkgs": {
      "locked": {
        "lastModified": 1652684229,
        "narHash": "sha256-0vUeVW4eTHXBEFbNy6wnRLy+d3TXYrUYKf8Cp1WXuQY=",
        "owner": "nixos",
        "repo": "nixpkgs",
        "rev": "4171277efddd492fb834fd67a7904a0b020c9ce5",
        "type": "github"
      },
      "original": {
        "owner": "nixos",
        "repo": "nixpkgs",
        "type": "github"
      }
    },
    "root": {
      "inputs": {
        "easy-purescript-nix-source": "easy-purescript-nix-source",
        "flake-utils": "flake-utils",
        "nixpkgs": "nixpkgs"
      }
    }
  },
  "root": "root",
  "version": 7
}
